
Microsoft Visual Studio Solution File, Format Version 12.00
# Visual Studio Version 17
VisualStudioVersion = 17.0.31919.166
MinimumVisualStudioVersion = 10.0.40219.1
Project("{FAE04EC0-301F-11D3-BF4B-00C04F79EFBC}") = "TGH.UWP", "TheConference_UWP\TGH.UWP.csproj", "{6426CE28-55C0-465E-B9CF-47F6A6B3511B}"
EndProject
Project("{FAE04EC0-301F-11D3-BF4B-00C04F79EFBC}") = "UnitTestProject1", "UnitTestProject1\UnitTestProject1.csproj", "{31A7DB84-3530-40F7-A524-E292E514A81D}"
EndProject
Global
	GlobalSection(SolutionConfigurationPlatforms) = preSolution
		Debug|Any CPU = Debug|Any CPU
		Debug|ARM = Debug|ARM
		Debug|ARM64 = Debug|ARM64
		Debug|x64 = Debug|x64
		Debug|x86 = Debug|x86
		Release|Any CPU = Release|Any CPU
		Release|ARM = Release|ARM
		Release|ARM64 = Release|ARM64
		Release|x64 = Release|x64
		Release|x86 = Release|x86
	EndGlobalSection
	GlobalSection(ProjectConfigurationPlatforms) = postSolution
		{6426CE28-55C0-465E-B9CF-47F6A6B3511B}.Debug|Any CPU.ActiveCfg = Debug|x64
		{6426CE28-55C0-465E-B9CF-47F6A6B3511B}.Debug|Any CPU.Build.0 = Debug|x64
		{6426CE28-55C0-465E-B9CF-47F6A6B3511B}.Debug|Any CPU.Deploy.0 = Debug|x64
		{6426CE28-55C0-465E-B9CF-47F6A6B3511B}.Debug|ARM.ActiveCfg = Debug|ARM
		{6426CE28-55C0-465E-B9CF-47F6A6B3511B}.Debug|ARM.Build.0 = Debug|ARM
		{6426CE28-55C0-465E-B9CF-47F6A6B3511B}.Debug|ARM.Deploy.0 = Debug|ARM
		{6426CE28-55C0-465E-B9CF-47F6A6B3511B}.Debug|ARM64.ActiveCfg = Debug|ARM64
		{6426CE28-55C0-465E-B9CF-47F6A6B3511B}.Debug|ARM64.Build.0 = Debug|ARM64
		{6426CE28-55C0-465E-B9CF-47F6A6B3511B}.Debug|ARM64.Deploy.0 = Debug|ARM64
		{6426CE28-55C0-465E-B9CF-47F6A6B3511B}.Debug|x64.ActiveCfg = Debug|x64
		{6426CE28-55C0-465E-B9CF-47F6A6B3511B}.Debug|x64.Build.0 = Debug|x64
		{6426CE28-55C0-465E-B9CF-47F6A6B3511B}.Debug|x64.Deploy.0 = Debug|x64
		{6426CE28-55C0-465E-B9CF-47F6A6B3511B}.Debug|x86.ActiveCfg = Debug|x86
		{6426CE28-55C0-465E-B9CF-47F6A6B3511B}.Debug|x86.Build.0 = Debug|x86
		{6426CE28-55C0-465E-B9CF-47F6A6B3511B}.Debug|x86.Deploy.0 = Debug|x86
		{6426CE28-55C0-465E-B9CF-47F6A6B3511B}.Release|Any CPU.ActiveCfg = Release|x64
		{6426CE28-55C0-465E-B9CF-47F6A6B3511B}.Release|Any CPU.Build.0 = Release|x64
		{6426CE28-55C0-465E-B9CF-47F6A6B3511B}.Release|Any CPU.Deploy.0 = Release|x64
		{6426CE28-55C0-465E-B9CF-47F6A6B3511B}.Release|ARM.ActiveCfg = Release|ARM
		{6426CE28-55C0-465E-B9CF-47F6A6B3511B}.Release|ARM.Build.0 = Release|ARM
		{6426CE28-55C0-465E-B9CF-47F6A6B3511B}.Release|ARM.Deploy.0 = Release|ARM
		{6426CE28-55C0-465E-B9CF-47F6A6B3511B}.Release|ARM64.ActiveCfg = Release|ARM64
		{6426CE28-55C0-465E-B9CF-47F6A6B3511B}.Release|ARM64.Build.0 = Release|ARM64
		{6426CE28-55C0-465E-B9CF-47F6A6B3511B}.Release|ARM64.Deploy.0 = Release|ARM64
		{6426CE28-55C0-465E-B9CF-47F6A6B3511B}.Release|x64.ActiveCfg = Release|x64
		{6426CE28-55C0-465E-B9CF-47F6A6B3511B}.Release|x64.Build.0 = Release|x64
		{6426CE28-55C0-465E-B9CF-47F6A6B3511B}.Release|x64.Deploy.0 = Release|x64
		{6426CE28-55C0-465E-B9CF-47F6A6B3511B}.Release|x86.ActiveCfg = Release|x86
		{6426CE28-55C0-465E-B9CF-47F6A6B3511B}.Release|x86.Build.0 = Release|x86
		{6426CE28-55C0-465E-B9CF-47F6A6B3511B}.Release|x86.Deploy.0 = Release|x86
		{31A7DB84-3530-40F7-A524-E292E514A81D}.Debug|Any CPU.ActiveCfg = Debug|x64
		{31A7DB84-3530-40F7-A524-E292E514A81D}.Debug|Any CPU.Build.0 = Debug|x64
		{31A7DB84-3530-40F7-A524-E292E514A81D}.Debug|Any CPU.Deploy.0 = Debug|x64
		{31A7DB84-3530-40F7-A524-E292E514A81D}.Debug|ARM.ActiveCfg = Debug|ARM
		{31A7DB84-3530-40F7-A524-E292E514A81D}.Debug|ARM.Build.0 = Debug|ARM
		{31A7DB84-3530-40F7-A524-E292E514A81D}.Debug|ARM.Deploy.0 = Debug|ARM
		{31A7DB84-3530-40F7-A524-E292E514A81D}.Debug|ARM64.ActiveCfg = Debug|ARM64
		{31A7DB84-3530-40F7-A524-E292E514A81D}.Debug|ARM64.Build.0 = Debug|ARM64
		{31A7DB84-3530-40F7-A524-E292E514A81D}.Debug|ARM64.Deploy.0 = Debug|ARM64
		{31A7DB84-3530-40F7-A524-E292E514A81D}.Debug|x64.ActiveCfg = Debug|x64
		{31A7DB84-3530-40F7-A524-E292E514A81D}.Debug|x64.Build.0 = Debug|x64
		{31A7DB84-3530-40F7-A524-E292E514A81D}.Debug|x64.Deploy.0 = Debug|x64
		{31A7DB84-3530-40F7-A524-E292E514A81D}.Debug|x86.ActiveCfg = Debug|x86
		{31A7DB84-3530-40F7-A524-E292E514A81D}.Debug|x86.Build.0 = Debug|x86
		{31A7DB84-3530-40F7-A524-E292E514A81D}.Debug|x86.Deploy.0 = Debug|x86
		{31A7DB84-3530-40F7-A524-E292E514A81D}.Release|Any CPU.ActiveCfg = Release|x64
		{31A7DB84-3530-40F7-A524-E292E514A81D}.Release|Any CPU.Build.0 = Release|x64
		{31A7DB84-3530-40F7-A524-E292E514A81D}.Release|Any CPU.Deploy.0 = Release|x64
		{31A7DB84-3530-40F7-A524-E292E514A81D}.Release|ARM.ActiveCfg = Release|ARM
		{31A7DB84-3530-40F7-A524-E292E514A81D}.Release|ARM.Build.0 = Release|ARM
		{31A7DB84-3530-40F7-A524-E292E514A81D}.Release|ARM.Deploy.0 = Release|ARM
		{31A7DB84-3530-40F7-A524-E292E514A81D}.Release|ARM64.ActiveCfg = Release|ARM64
		{31A7DB84-3530-40F7-A524-E292E514A81D}.Release|ARM64.Build.0 = Release|ARM64
		{31A7DB84-3530-40F7-A524-E292E514A81D}.Release|ARM64.Deploy.0 = Release|ARM64
		{31A7DB84-3530-40F7-A524-E292E514A81D}.Release|x64.ActiveCfg = Release|x64
		{31A7DB84-3530-40F7-A524-E292E514A81D}.Release|x64.Build.0 = Release|x64
		{31A7DB84-3530-40F7-A524-E292E514A81D}.Release|x64.Deploy.0 = Release|x64
		{31A7DB84-3530-40F7-A524-E292E514A81D}.Release|x86.ActiveCfg = Release|x86
		{31A7DB84-3530-40F7-A524-E292E514A81D}.Release|x86.Build.0 = Release|x86
		{31A7DB84-3530-40F7-A524-E292E514A81D}.Release|x86.Deploy.0 = Release|x86
	EndGlobalSection
	GlobalSection(SolutionProperties) = preSolution
		HideSolutionNode = FALSE
	EndGlobalSection
	GlobalSection(ExtensibilityGlobals) = postSolution
		SolutionGuid = {BB35661F-1E47-4877-BABC-57B62FA6008C}
	EndGlobalSection
EndGlobal
