
Microsoft Visual Studio Solution File, Format Version 12.00
# Visual Studio Version 17
VisualStudioVersion = 17.0.31919.166
MinimumVisualStudioVersion = 10.0.40219.1
Project("{9A19103F-16F7-4668-BE54-9A1E7A4F7556}") = "CatalogueOfParticipants", "CatalogueOfParticipants\CatalogueOfParticipants.csproj", "{06447449-862A-4E85-B7EC-8C2ACEFCED5E}"
EndProject
Project("{9A19103F-16F7-4668-BE54-9A1E7A4F7556}") = "ConsoleApp1", "ConsoleApp1\ConsoleApp1.csproj", "{0F84ECBF-CF6D-46CB-BD28-24EA70A30101}"
EndProject
Project("{9A19103F-16F7-4668-BE54-9A1E7A4F7556}") = "TGH.WpfApp", "TGH.WpfApp\TGH.WpfApp.csproj", "{458C8A04-22BD-434C-949F-9788CE7010F3}"
EndProject
Project("{FAE04EC0-301F-11D3-BF4B-00C04F79EFBC}") = "TGH.UWP", "TheConference_UWP\TGH.UWP.csproj", "{6426CE28-55C0-465E-B9CF-47F6A6B3511B}"
EndProject
Global
	GlobalSection(SolutionConfigurationPlatforms) = preSolution
		Debug|Any CPU = Debug|Any CPU
		Debug|ARM = Debug|ARM
		Debug|ARM64 = Debug|ARM64
		Debug|x64 = Debug|x64
		Debug|x86 = Debug|x86
		Release|Any CPU = Release|Any CPU
		Release|ARM = Release|ARM
		Release|ARM64 = Release|ARM64
		Release|x64 = Release|x64
		Release|x86 = Release|x86
	EndGlobalSection
	GlobalSection(ProjectConfigurationPlatforms) = postSolution
		{06447449-862A-4E85-B7EC-8C2ACEFCED5E}.Debug|Any CPU.ActiveCfg = Debug|Any CPU
		{06447449-862A-4E85-B7EC-8C2ACEFCED5E}.Debug|Any CPU.Build.0 = Debug|Any CPU
		{06447449-862A-4E85-B7EC-8C2ACEFCED5E}.Debug|ARM.ActiveCfg = Debug|Any CPU
		{06447449-862A-4E85-B7EC-8C2ACEFCED5E}.Debug|ARM.Build.0 = Debug|Any CPU
		{06447449-862A-4E85-B7EC-8C2ACEFCED5E}.Debug|ARM64.ActiveCfg = Debug|Any CPU
		{06447449-862A-4E85-B7EC-8C2ACEFCED5E}.Debug|ARM64.Build.0 = Debug|Any CPU
		{06447449-862A-4E85-B7EC-8C2ACEFCED5E}.Debug|x64.ActiveCfg = Debug|Any CPU
		{06447449-862A-4E85-B7EC-8C2ACEFCED5E}.Debug|x64.Build.0 = Debug|Any CPU
		{06447449-862A-4E85-B7EC-8C2ACEFCED5E}.Debug|x86.ActiveCfg = Debug|Any CPU
		{06447449-862A-4E85-B7EC-8C2ACEFCED5E}.Debug|x86.Build.0 = Debug|Any CPU
		{06447449-862A-4E85-B7EC-8C2ACEFCED5E}.Release|Any CPU.ActiveCfg = Release|Any CPU
		{06447449-862A-4E85-B7EC-8C2ACEFCED5E}.Release|Any CPU.Build.0 = Release|Any CPU
		{06447449-862A-4E85-B7EC-8C2ACEFCED5E}.Release|ARM.ActiveCfg = Release|Any CPU
		{06447449-862A-4E85-B7EC-8C2ACEFCED5E}.Release|ARM.Build.0 = Release|Any CPU
		{06447449-862A-4E85-B7EC-8C2ACEFCED5E}.Release|ARM64.ActiveCfg = Release|Any CPU
		{06447449-862A-4E85-B7EC-8C2ACEFCED5E}.Release|ARM64.Build.0 = Release|Any CPU
		{06447449-862A-4E85-B7EC-8C2ACEFCED5E}.Release|x64.ActiveCfg = Release|Any CPU
		{06447449-862A-4E85-B7EC-8C2ACEFCED5E}.Release|x64.Build.0 = Release|Any CPU
		{06447449-862A-4E85-B7EC-8C2ACEFCED5E}.Release|x86.ActiveCfg = Release|Any CPU
		{06447449-862A-4E85-B7EC-8C2ACEFCED5E}.Release|x86.Build.0 = Release|Any CPU
		{0F84ECBF-CF6D-46CB-BD28-24EA70A30101}.Debug|Any CPU.ActiveCfg = Debug|Any CPU
		{0F84ECBF-CF6D-46CB-BD28-24EA70A30101}.Debug|Any CPU.Build.0 = Debug|Any CPU
		{0F84ECBF-CF6D-46CB-BD28-24EA70A30101}.Debug|ARM.ActiveCfg = Debug|Any CPU
		{0F84ECBF-CF6D-46CB-BD28-24EA70A30101}.Debug|ARM.Build.0 = Debug|Any CPU
		{0F84ECBF-CF6D-46CB-BD28-24EA70A30101}.Debug|ARM64.ActiveCfg = Debug|Any CPU
		{0F84ECBF-CF6D-46CB-BD28-24EA70A30101}.Debug|ARM64.Build.0 = Debug|Any CPU
		{0F84ECBF-CF6D-46CB-BD28-24EA70A30101}.Debug|x64.ActiveCfg = Debug|Any CPU
		{0F84ECBF-CF6D-46CB-BD28-24EA70A30101}.Debug|x64.Build.0 = Debug|Any CPU
		{0F84ECBF-CF6D-46CB-BD28-24EA70A30101}.Debug|x86.ActiveCfg = Debug|Any CPU
		{0F84ECBF-CF6D-46CB-BD28-24EA70A30101}.Debug|x86.Build.0 = Debug|Any CPU
		{0F84ECBF-CF6D-46CB-BD28-24EA70A30101}.Release|Any CPU.ActiveCfg = Release|Any CPU
		{0F84ECBF-CF6D-46CB-BD28-24EA70A30101}.Release|Any CPU.Build.0 = Release|Any CPU
		{0F84ECBF-CF6D-46CB-BD28-24EA70A30101}.Release|ARM.ActiveCfg = Release|Any CPU
		{0F84ECBF-CF6D-46CB-BD28-24EA70A30101}.Release|ARM.Build.0 = Release|Any CPU
		{0F84ECBF-CF6D-46CB-BD28-24EA70A30101}.Release|ARM64.ActiveCfg = Release|Any CPU
		{0F84ECBF-CF6D-46CB-BD28-24EA70A30101}.Release|ARM64.Build.0 = Release|Any CPU
		{0F84ECBF-CF6D-46CB-BD28-24EA70A30101}.Release|x64.ActiveCfg = Release|Any CPU
		{0F84ECBF-CF6D-46CB-BD28-24EA70A30101}.Release|x64.Build.0 = Release|Any CPU
		{0F84ECBF-CF6D-46CB-BD28-24EA70A30101}.Release|x86.ActiveCfg = Release|Any CPU
		{0F84ECBF-CF6D-46CB-BD28-24EA70A30101}.Release|x86.Build.0 = Release|Any CPU
		{458C8A04-22BD-434C-949F-9788CE7010F3}.Debug|Any CPU.ActiveCfg = Debug|Any CPU
		{458C8A04-22BD-434C-949F-9788CE7010F3}.Debug|Any CPU.Build.0 = Debug|Any CPU
		{458C8A04-22BD-434C-949F-9788CE7010F3}.Debug|ARM.ActiveCfg = Debug|Any CPU
		{458C8A04-22BD-434C-949F-9788CE7010F3}.Debug|ARM.Build.0 = Debug|Any CPU
		{458C8A04-22BD-434C-949F-9788CE7010F3}.Debug|ARM64.ActiveCfg = Debug|Any CPU
		{458C8A04-22BD-434C-949F-9788CE7010F3}.Debug|ARM64.Build.0 = Debug|Any CPU
		{458C8A04-22BD-434C-949F-9788CE7010F3}.Debug|x64.ActiveCfg = Debug|Any CPU
		{458C8A04-22BD-434C-949F-9788CE7010F3}.Debug|x64.Build.0 = Debug|Any CPU
		{458C8A04-22BD-434C-949F-9788CE7010F3}.Debug|x86.ActiveCfg = Debug|Any CPU
		{458C8A04-22BD-434C-949F-9788CE7010F3}.Debug|x86.Build.0 = Debug|Any CPU
		{458C8A04-22BD-434C-949F-9788CE7010F3}.Release|Any CPU.ActiveCfg = Release|Any CPU
		{458C8A04-22BD-434C-949F-9788CE7010F3}.Release|Any CPU.Build.0 = Release|Any CPU
		{458C8A04-22BD-434C-949F-9788CE7010F3}.Release|ARM.ActiveCfg = Release|Any CPU
		{458C8A04-22BD-434C-949F-9788CE7010F3}.Release|ARM.Build.0 = Release|Any CPU
		{458C8A04-22BD-434C-949F-9788CE7010F3}.Release|ARM64.ActiveCfg = Release|Any CPU
		{458C8A04-22BD-434C-949F-9788CE7010F3}.Release|ARM64.Build.0 = Release|Any CPU
		{458C8A04-22BD-434C-949F-9788CE7010F3}.Release|x64.ActiveCfg = Release|Any CPU
		{458C8A04-22BD-434C-949F-9788CE7010F3}.Release|x64.Build.0 = Release|Any CPU
		{458C8A04-22BD-434C-949F-9788CE7010F3}.Release|x86.ActiveCfg = Release|Any CPU
		{458C8A04-22BD-434C-949F-9788CE7010F3}.Release|x86.Build.0 = Release|Any CPU
		{6426CE28-55C0-465E-B9CF-47F6A6B3511B}.Debug|Any CPU.ActiveCfg = Debug|x64
		{6426CE28-55C0-465E-B9CF-47F6A6B3511B}.Debug|Any CPU.Build.0 = Debug|x64
		{6426CE28-55C0-465E-B9CF-47F6A6B3511B}.Debug|Any CPU.Deploy.0 = Debug|x64
		{6426CE28-55C0-465E-B9CF-47F6A6B3511B}.Debug|ARM.ActiveCfg = Debug|ARM
		{6426CE28-55C0-465E-B9CF-47F6A6B3511B}.Debug|ARM.Build.0 = Debug|ARM
		{6426CE28-55C0-465E-B9CF-47F6A6B3511B}.Debug|ARM.Deploy.0 = Debug|ARM
		{6426CE28-55C0-465E-B9CF-47F6A6B3511B}.Debug|ARM64.ActiveCfg = Debug|ARM64
		{6426CE28-55C0-465E-B9CF-47F6A6B3511B}.Debug|ARM64.Build.0 = Debug|ARM64
		{6426CE28-55C0-465E-B9CF-47F6A6B3511B}.Debug|ARM64.Deploy.0 = Debug|ARM64
		{6426CE28-55C0-465E-B9CF-47F6A6B3511B}.Debug|x64.ActiveCfg = Debug|x64
		{6426CE28-55C0-465E-B9CF-47F6A6B3511B}.Debug|x64.Build.0 = Debug|x64
		{6426CE28-55C0-465E-B9CF-47F6A6B3511B}.Debug|x64.Deploy.0 = Debug|x64
		{6426CE28-55C0-465E-B9CF-47F6A6B3511B}.Debug|x86.ActiveCfg = Debug|x86
		{6426CE28-55C0-465E-B9CF-47F6A6B3511B}.Debug|x86.Build.0 = Debug|x86
		{6426CE28-55C0-465E-B9CF-47F6A6B3511B}.Debug|x86.Deploy.0 = Debug|x86
		{6426CE28-55C0-465E-B9CF-47F6A6B3511B}.Release|Any CPU.ActiveCfg = Release|x64
		{6426CE28-55C0-465E-B9CF-47F6A6B3511B}.Release|Any CPU.Build.0 = Release|x64
		{6426CE28-55C0-465E-B9CF-47F6A6B3511B}.Release|Any CPU.Deploy.0 = Release|x64
		{6426CE28-55C0-465E-B9CF-47F6A6B3511B}.Release|ARM.ActiveCfg = Release|ARM
		{6426CE28-55C0-465E-B9CF-47F6A6B3511B}.Release|ARM.Build.0 = Release|ARM
		{6426CE28-55C0-465E-B9CF-47F6A6B3511B}.Release|ARM.Deploy.0 = Release|ARM
		{6426CE28-55C0-465E-B9CF-47F6A6B3511B}.Release|ARM64.ActiveCfg = Release|ARM64
		{6426CE28-55C0-465E-B9CF-47F6A6B3511B}.Release|ARM64.Build.0 = Release|ARM64
		{6426CE28-55C0-465E-B9CF-47F6A6B3511B}.Release|ARM64.Deploy.0 = Release|ARM64
		{6426CE28-55C0-465E-B9CF-47F6A6B3511B}.Release|x64.ActiveCfg = Release|x64
		{6426CE28-55C0-465E-B9CF-47F6A6B3511B}.Release|x64.Build.0 = Release|x64
		{6426CE28-55C0-465E-B9CF-47F6A6B3511B}.Release|x64.Deploy.0 = Release|x64
		{6426CE28-55C0-465E-B9CF-47F6A6B3511B}.Release|x86.ActiveCfg = Release|x86
		{6426CE28-55C0-465E-B9CF-47F6A6B3511B}.Release|x86.Build.0 = Release|x86
		{6426CE28-55C0-465E-B9CF-47F6A6B3511B}.Release|x86.Deploy.0 = Release|x86
	EndGlobalSection
	GlobalSection(SolutionProperties) = preSolution
		HideSolutionNode = FALSE
	EndGlobalSection
	GlobalSection(ExtensibilityGlobals) = postSolution
		SolutionGuid = {BB35661F-1E47-4877-BABC-57B62FA6008C}
	EndGlobalSection
EndGlobal
